
Microsoft Visual Studio Solution File, Format Version 12.00
# Visual Studio Version 17
VisualStudioVersion = 17.10.35027.167
MinimumVisualStudioVersion = 10.0.40219.1
Project("{9A19103F-16F7-4668-BE54-9A1E7A4F7556}") = "BooksCommand", "BooksCommand\BooksCommand.csproj", "{D61AF171-8786-4FAE-A03F-E406E1C5FAC3}"
EndProject
Project("{9A19103F-16F7-4668-BE54-9A1E7A4F7556}") = "BooksQuery", "BooksQuery\BooksQuery.csproj", "{CA2BC6B9-E915-4E77-8E1E-4F8D64CDA535}"
EndProject
Project("{E53339B2-1760-4266-BCC7-CA923CBCF16C}") = "docker-compose", "docker-compose.dcproj", "{9CDE3781-6687-43B9-98C9-F6B9C90635A0}"
EndProject
Global
	GlobalSection(SolutionConfigurationPlatforms) = preSolution
		Debug|Any CPU = Debug|Any CPU
		Release|Any CPU = Release|Any CPU
	EndGlobalSection
	GlobalSection(ProjectConfigurationPlatforms) = postSolution
		{D61AF171-8786-4FAE-A03F-E406E1C5FAC3}.Debug|Any CPU.ActiveCfg = Debug|Any CPU
		{D61AF171-8786-4FAE-A03F-E406E1C5FAC3}.Debug|Any CPU.Build.0 = Debug|Any CPU
		{D61AF171-8786-4FAE-A03F-E406E1C5FAC3}.Release|Any CPU.ActiveCfg = Release|Any CPU
		{D61AF171-8786-4FAE-A03F-E406E1C5FAC3}.Release|Any CPU.Build.0 = Release|Any CPU
		{CA2BC6B9-E915-4E77-8E1E-4F8D64CDA535}.Debug|Any CPU.ActiveCfg = Debug|Any CPU
		{CA2BC6B9-E915-4E77-8E1E-4F8D64CDA535}.Debug|Any CPU.Build.0 = Debug|Any CPU
		{CA2BC6B9-E915-4E77-8E1E-4F8D64CDA535}.Release|Any CPU.ActiveCfg = Release|Any CPU
		{CA2BC6B9-E915-4E77-8E1E-4F8D64CDA535}.Release|Any CPU.Build.0 = Release|Any CPU
		{9CDE3781-6687-43B9-98C9-F6B9C90635A0}.Debug|Any CPU.ActiveCfg = Debug|Any CPU
		{9CDE3781-6687-43B9-98C9-F6B9C90635A0}.Debug|Any CPU.Build.0 = Debug|Any CPU
		{9CDE3781-6687-43B9-98C9-F6B9C90635A0}.Release|Any CPU.ActiveCfg = Release|Any CPU
		{9CDE3781-6687-43B9-98C9-F6B9C90635A0}.Release|Any CPU.Build.0 = Release|Any CPU
	EndGlobalSection
	GlobalSection(SolutionProperties) = preSolution
		HideSolutionNode = FALSE
	EndGlobalSection
	GlobalSection(ExtensibilityGlobals) = postSolution
		SolutionGuid = {1EDF7FC4-AA09-45DF-8145-4AF6B945F2D9}
	EndGlobalSection
EndGlobal
