
Microsoft Visual Studio Solution File, Format Version 12.00
# Visual Studio Version 17
VisualStudioVersion = 17.10.35027.167
MinimumVisualStudioVersion = 10.0.40219.1
Project("{FAE04EC0-301F-11D3-BF4B-00C04F79EFBC}") = "BooksCommand", "BooksCommand\BooksCommand.csproj", "{D61AF171-8786-4FAE-A03F-E406E1C5FAC3}"
EndProject
Project("{FAE04EC0-301F-11D3-BF4B-00C04F79EFBC}") = "BooksQuery", "BooksQuery\BooksQuery.csproj", "{CA2BC6B9-E915-4E77-8E1E-4F8D64CDA535}"
EndProject
Global
	GlobalSection(SolutionConfigurationPlatforms) = preSolution
		Debug|Any CPU = Debug|Any CPU
		Release|Any CPU = Release|Any CPU
	EndGlobalSection
	GlobalSection(ProjectConfigurationPlatforms) = postSolution
		{D61AF171-8786-4FAE-A03F-E406E1C5FAC3}.Debug|Any CPU.ActiveCfg = Debug|Any CPU
		{D61AF171-8786-4FAE-A03F-E406E1C5FAC3}.Debug|Any CPU.Build.0 = Debug|Any CPU
		{D61AF171-8786-4FAE-A03F-E406E1C5FAC3}.Release|Any CPU.ActiveCfg = Release|Any CPU
		{D61AF171-8786-4FAE-A03F-E406E1C5FAC3}.Release|Any CPU.Build.0 = Release|Any CPU
		{CA2BC6B9-E915-4E77-8E1E-4F8D64CDA535}.Debug|Any CPU.ActiveCfg = Debug|Any CPU
		{CA2BC6B9-E915-4E77-8E1E-4F8D64CDA535}.Debug|Any CPU.Build.0 = Debug|Any CPU
		{CA2BC6B9-E915-4E77-8E1E-4F8D64CDA535}.Release|Any CPU.ActiveCfg = Release|Any CPU
		{CA2BC6B9-E915-4E77-8E1E-4F8D64CDA535}.Release|Any CPU.Build.0 = Release|Any CPU
	EndGlobalSection
	GlobalSection(SolutionProperties) = preSolution
		HideSolutionNode = FALSE
	EndGlobalSection
	GlobalSection(ExtensibilityGlobals) = postSolution
		SolutionGuid = {1EDF7FC4-AA09-45DF-8145-4AF6B945F2D9}
	EndGlobalSection
EndGlobal
